// !$*UTF8*$!
{
	archiveVersion = 1;
	classes = {
	};
	objectVersion = 46;
	objects = {

/* Begin PBXBuildFile section */
		8A9F538E1AB31AEF008ECE13 /* main.m in Sources */ = {isa = PBXBuildFile; fileRef = 8A9F538D1AB31AEF008ECE13 /* main.m */; };
		8A9F53911AB31AEF008ECE13 /* AppDelegate.m in Sources */ = {isa = PBXBuildFile; fileRef = 8A9F53901AB31AEF008ECE13 /* AppDelegate.m */; };
		8A9F53941AB31AEF008ECE13 /* ViewController.m in Sources */ = {isa = PBXBuildFile; fileRef = 8A9F53931AB31AEF008ECE13 /* ViewController.m */; };
		8A9F53971AB31AEF008ECE13 /* Main.storyboard in Resources */ = {isa = PBXBuildFile; fileRef = 8A9F53951AB31AEF008ECE13 /* Main.storyboard */; };
		8A9F53991AB31AEF008ECE13 /* Images.xcassets in Resources */ = {isa = PBXBuildFile; fileRef = 8A9F53981AB31AEF008ECE13 /* Images.xcassets */; };
		8A9F539C1AB31AEF008ECE13 /* LaunchScreen.xib in Resources */ = {isa = PBXBuildFile; fileRef = 8A9F539A1AB31AEF008ECE13 /* LaunchScreen.xib */; };
		8A9F53A81AB31AEF008ECE13 /* PeripheralLoggerDemoTests.m in Sources */ = {isa = PBXBuildFile; fileRef = 8A9F53A71AB31AEF008ECE13 /* PeripheralLoggerDemoTests.m */; };
		8A9F53B41AB31B41008ECE13 /* TTMPeripheralLogger.m in Sources */ = {isa = PBXBuildFile; fileRef = 8A9F53B31AB31B41008ECE13 /* TTMPeripheralLogger.m */; };
/* End PBXBuildFile section */

/* Begin PBXContainerItemProxy section */
		8A9F53A21AB31AEF008ECE13 /* PBXContainerItemProxy */ = {
			isa = PBXContainerItemProxy;
			containerPortal = 8A9F53801AB31AEF008ECE13 /* Project object */;
			proxyType = 1;
			remoteGlobalIDString = 8A9F53871AB31AEF008ECE13;
			remoteInfo = PeripheralLoggerDemo;
		};
/* End PBXContainerItemProxy section */

/* Begin PBXFileReference section */
		8A9F53881AB31AEF008ECE13 /* PeripheralLoggerDemo.app */ = {isa = PBXFileReference; explicitFileType = wrapper.application; includeInIndex = 0; path = PeripheralLoggerDemo.app; sourceTree = BUILT_PRODUCTS_DIR; };
		8A9F538C1AB31AEF008ECE13 /* Info.plist */ = {isa = PBXFileReference; lastKnownFileType = text.plist.xml; path = Info.plist; sourceTree = "<group>"; };
		8A9F538D1AB31AEF008ECE13 /* main.m */ = {isa = PBXFileReference; lastKnownFileType = sourcecode.c.objc; path = main.m; sourceTree = "<group>"; };
		8A9F538F1AB31AEF008ECE13 /* AppDelegate.h */ = {isa = PBXFileReference; lastKnownFileType = sourcecode.c.h; path = AppDelegate.h; sourceTree = "<group>"; };
		8A9F53901AB31AEF008ECE13 /* AppDelegate.m */ = {isa = PBXFileReference; lastKnownFileType = sourcecode.c.objc; path = AppDelegate.m; sourceTree = "<group>"; };
		8A9F53921AB31AEF008ECE13 /* ViewController.h */ = {isa = PBXFileReference; lastKnownFileType = sourcecode.c.h; path = ViewController.h; sourceTree = "<group>"; };
		8A9F53931AB31AEF008ECE13 /* ViewController.m */ = {isa = PBXFileReference; lastKnownFileType = sourcecode.c.objc; path = ViewController.m; sourceTree = "<group>"; };
		8A9F53961AB31AEF008ECE13 /* Base */ = {isa = PBXFileReference; lastKnownFileType = file.storyboard; name = Base; path = Base.lproj/Main.storyboard; sourceTree = "<group>"; };
		8A9F53981AB31AEF008ECE13 /* Images.xcassets */ = {isa = PBXFileReference; lastKnownFileType = folder.assetcatalog; path = Images.xcassets; sourceTree = "<group>"; };
		8A9F539B1AB31AEF008ECE13 /* Base */ = {isa = PBXFileReference; lastKnownFileType = file.xib; name = Base; path = Base.lproj/LaunchScreen.xib; sourceTree = "<group>"; };
		8A9F53A11AB31AEF008ECE13 /* PeripheralLoggerDemoTests.xctest */ = {isa = PBXFileReference; explicitFileType = wrapper.cfbundle; includeInIndex = 0; path = PeripheralLoggerDemoTests.xctest; sourceTree = BUILT_PRODUCTS_DIR; };
		8A9F53A61AB31AEF008ECE13 /* Info.plist */ = {isa = PBXFileReference; lastKnownFileType = text.plist.xml; path = Info.plist; sourceTree = "<group>"; };
		8A9F53A71AB31AEF008ECE13 /* PeripheralLoggerDemoTests.m */ = {isa = PBXFileReference; lastKnownFileType = sourcecode.c.objc; path = PeripheralLoggerDemoTests.m; sourceTree = "<group>"; };
		8A9F53B21AB31B41008ECE13 /* TTMPeripheralLogger.h */ = {isa = PBXFileReference; fileEncoding = 4; lastKnownFileType = sourcecode.c.h; path = TTMPeripheralLogger.h; sourceTree = "<group>"; };
		8A9F53B31AB31B41008ECE13 /* TTMPeripheralLogger.m */ = {isa = PBXFileReference; fileEncoding = 4; lastKnownFileType = sourcecode.c.objc; path = TTMPeripheralLogger.m; sourceTree = "<group>"; };
/* End PBXFileReference section */

/* Begin PBXFrameworksBuildPhase section */
		8A9F53851AB31AEF008ECE13 /* Frameworks */ = {
			isa = PBXFrameworksBuildPhase;
			buildActionMask = 2147483647;
			files = (
			);
			runOnlyForDeploymentPostprocessing = 0;
		};
		8A9F539E1AB31AEF008ECE13 /* Frameworks */ = {
			isa = PBXFrameworksBuildPhase;
			buildActionMask = 2147483647;
			files = (
			);
			runOnlyForDeploymentPostprocessing = 0;
		};
/* End PBXFrameworksBuildPhase section */

/* Begin PBXGroup section */
		8A9F537F1AB31AEF008ECE13 = {
			isa = PBXGroup;
			children = (
				8A9F53B11AB31B41008ECE13 /* PeripheralLogger */,
				8A9F538A1AB31AEF008ECE13 /* PeripheralLoggerDemo */,
				8A9F53A41AB31AEF008ECE13 /* PeripheralLoggerDemoTests */,
				8A9F53891AB31AEF008ECE13 /* Products */,
			);
			sourceTree = "<group>";
		};
		8A9F53891AB31AEF008ECE13 /* Products */ = {
			isa = PBXGroup;
			children = (
				8A9F53881AB31AEF008ECE13 /* PeripheralLoggerDemo.app */,
				8A9F53A11AB31AEF008ECE13 /* PeripheralLoggerDemoTests.xctest */,
			);
			name = Products;
			sourceTree = "<group>";
		};
		8A9F538A1AB31AEF008ECE13 /* PeripheralLoggerDemo */ = {
			isa = PBXGroup;
			children = (
				8A9F53981AB31AEF008ECE13 /* Images.xcassets */,
				8A9F53951AB31AEF008ECE13 /* Main.storyboard */,
				8A9F539A1AB31AEF008ECE13 /* LaunchScreen.xib */,
				8A9F538F1AB31AEF008ECE13 /* AppDelegate.h */,
				8A9F53901AB31AEF008ECE13 /* AppDelegate.m */,
				8A9F53921AB31AEF008ECE13 /* ViewController.h */,
				8A9F53931AB31AEF008ECE13 /* ViewController.m */,
				8A9F538B1AB31AEF008ECE13 /* Supporting Files */,
			);
			path = PeripheralLoggerDemo;
			sourceTree = "<group>";
		};
		8A9F538B1AB31AEF008ECE13 /* Supporting Files */ = {
			isa = PBXGroup;
			children = (
				8A9F538C1AB31AEF008ECE13 /* Info.plist */,
				8A9F538D1AB31AEF008ECE13 /* main.m */,
			);
			name = "Supporting Files";
			sourceTree = "<group>";
		};
		8A9F53A41AB31AEF008ECE13 /* PeripheralLoggerDemoTests */ = {
			isa = PBXGroup;
			children = (
				8A9F53A71AB31AEF008ECE13 /* PeripheralLoggerDemoTests.m */,
				8A9F53A51AB31AEF008ECE13 /* Supporting Files */,
			);
			path = PeripheralLoggerDemoTests;
			sourceTree = "<group>";
		};
		8A9F53A51AB31AEF008ECE13 /* Supporting Files */ = {
			isa = PBXGroup;
			children = (
				8A9F53A61AB31AEF008ECE13 /* Info.plist */,
			);
			name = "Supporting Files";
			sourceTree = "<group>";
		};
		8A9F53B11AB31B41008ECE13 /* PeripheralLogger */ = {
			isa = PBXGroup;
			children = (
				8A9F53B21AB31B41008ECE13 /* TTMPeripheralLogger.h */,
				8A9F53B31AB31B41008ECE13 /* TTMPeripheralLogger.m */,
			);
			name = PeripheralLogger;
			path = ../PeripheralLogger;
			sourceTree = "<group>";
		};
/* End PBXGroup section */

/* Begin PBXNativeTarget section */
		8A9F53871AB31AEF008ECE13 /* PeripheralLoggerDemo */ = {
			isa = PBXNativeTarget;
			buildConfigurationList = 8A9F53AB1AB31AEF008ECE13 /* Build configuration list for PBXNativeTarget "PeripheralLoggerDemo" */;
			buildPhases = (
				8A9F53841AB31AEF008ECE13 /* Sources */,
				8A9F53851AB31AEF008ECE13 /* Frameworks */,
				8A9F53861AB31AEF008ECE13 /* Resources */,
			);
			buildRules = (
			);
			dependencies = (
			);
			name = PeripheralLoggerDemo;
			productName = PeripheralLoggerDemo;
			productReference = 8A9F53881AB31AEF008ECE13 /* PeripheralLoggerDemo.app */;
			productType = "com.apple.product-type.application";
		};
		8A9F53A01AB31AEF008ECE13 /* PeripheralLoggerDemoTests */ = {
			isa = PBXNativeTarget;
			buildConfigurationList = 8A9F53AE1AB31AEF008ECE13 /* Build configuration list for PBXNativeTarget "PeripheralLoggerDemoTests" */;
			buildPhases = (
				8A9F539D1AB31AEF008ECE13 /* Sources */,
				8A9F539E1AB31AEF008ECE13 /* Frameworks */,
				8A9F539F1AB31AEF008ECE13 /* Resources */,
			);
			buildRules = (
			);
			dependencies = (
				8A9F53A31AB31AEF008ECE13 /* PBXTargetDependency */,
			);
			name = PeripheralLoggerDemoTests;
			productName = PeripheralLoggerDemoTests;
			productReference = 8A9F53A11AB31AEF008ECE13 /* PeripheralLoggerDemoTests.xctest */;
			productType = "com.apple.product-type.bundle.unit-test";
		};
/* End PBXNativeTarget section */

/* Begin PBXProject section */
		8A9F53801AB31AEF008ECE13 /* Project object */ = {
			isa = PBXProject;
			attributes = {
				LastUpgradeCheck = 0620;
				ORGANIZATIONNAME = "Shuichi Tsutsumi";
				TargetAttributes = {
					8A9F53871AB31AEF008ECE13 = {
						CreatedOnToolsVersion = 6.2;
					};
					8A9F53A01AB31AEF008ECE13 = {
						CreatedOnToolsVersion = 6.2;
						TestTargetID = 8A9F53871AB31AEF008ECE13;
					};
				};
			};
			buildConfigurationList = 8A9F53831AB31AEF008ECE13 /* Build configuration list for PBXProject "PeripheralLoggerDemo" */;
			compatibilityVersion = "Xcode 3.2";
			developmentRegion = English;
			hasScannedForEncodings = 0;
			knownRegions = (
				en,
				Base,
			);
			mainGroup = 8A9F537F1AB31AEF008ECE13;
			productRefGroup = 8A9F53891AB31AEF008ECE13 /* Products */;
			projectDirPath = "";
			projectRoot = "";
			targets = (
				8A9F53871AB31AEF008ECE13 /* PeripheralLoggerDemo */,
				8A9F53A01AB31AEF008ECE13 /* PeripheralLoggerDemoTests */,
			);
		};
/* End PBXProject section */

/* Begin PBXResourcesBuildPhase section */
		8A9F53861AB31AEF008ECE13 /* Resources */ = {
			isa = PBXResourcesBuildPhase;
			buildActionMask = 2147483647;
			files = (
				8A9F53971AB31AEF008ECE13 /* Main.storyboard in Resources */,
				8A9F539C1AB31AEF008ECE13 /* LaunchScreen.xib in Resources */,
				8A9F53991AB31AEF008ECE13 /* Images.xcassets in Resources */,
			);
			runOnlyForDeploymentPostprocessing = 0;
		};
		8A9F539F1AB31AEF008ECE13 /* Resources */ = {
			isa = PBXResourcesBuildPhase;
			buildActionMask = 2147483647;
			files = (
			);
			runOnlyForDeploymentPostprocessing = 0;
		};
/* End PBXResourcesBuildPhase section */

/* Begin PBXSourcesBuildPhase section */
		8A9F53841AB31AEF008ECE13 /* Sources */ = {
			isa = PBXSourcesBuildPhase;
			buildActionMask = 2147483647;
			files = (
				8A9F53941AB31AEF008ECE13 /* ViewController.m in Sources */,
				8A9F53B41AB31B41008ECE13 /* TTMPeripheralLogger.m in Sources */,
				8A9F53911AB31AEF008ECE13 /* AppDelegate.m in Sources */,
				8A9F538E1AB31AEF008ECE13 /* main.m in Sources */,
			);
			runOnlyForDeploymentPostprocessing = 0;
		};
		8A9F539D1AB31AEF008ECE13 /* Sources */ = {
			isa = PBXSourcesBuildPhase;
			buildActionMask = 2147483647;
			files = (
				8A9F53A81AB31AEF008ECE13 /* PeripheralLoggerDemoTests.m in Sources */,
			);
			runOnlyForDeploymentPostprocessing = 0;
		};
/* End PBXSourcesBuildPhase section */

/* Begin PBXTargetDependency section */
		8A9F53A31AB31AEF008ECE13 /* PBXTargetDependency */ = {
			isa = PBXTargetDependency;
			target = 8A9F53871AB31AEF008ECE13 /* PeripheralLoggerDemo */;
			targetProxy = 8A9F53A21AB31AEF008ECE13 /* PBXContainerItemProxy */;
		};
/* End PBXTargetDependency section */

/* Begin PBXVariantGroup section */
		8A9F53951AB31AEF008ECE13 /* Main.storyboard */ = {
			isa = PBXVariantGroup;
			children = (
				8A9F53961AB31AEF008ECE13 /* Base */,
			);
			name = Main.storyboard;
			sourceTree = "<group>";
		};
		8A9F539A1AB31AEF008ECE13 /* LaunchScreen.xib */ = {
			isa = PBXVariantGroup;
			children = (
				8A9F539B1AB31AEF008ECE13 /* Base */,
			);
			name = LaunchScreen.xib;
			sourceTree = "<group>";
		};
/* End PBXVariantGroup section */

/* Begin XCBuildConfiguration section */
		8A9F53A91AB31AEF008ECE13 /* Debug */ = {
			isa = XCBuildConfiguration;
			buildSettings = {
				ALWAYS_SEARCH_USER_PATHS = NO;
				CLANG_CXX_LANGUAGE_STANDARD = "gnu++0x";
				CLANG_CXX_LIBRARY = "libc++";
				CLANG_ENABLE_MODULES = YES;
				CLANG_ENABLE_OBJC_ARC = YES;
				CLANG_WARN_BOOL_CONVERSION = YES;
				CLANG_WARN_CONSTANT_CONVERSION = YES;
				CLANG_WARN_DIRECT_OBJC_ISA_USAGE = YES_ERROR;
				CLANG_WARN_EMPTY_BODY = YES;
				CLANG_WARN_ENUM_CONVERSION = YES;
				CLANG_WARN_INT_CONVERSION = YES;
				CLANG_WARN_OBJC_ROOT_CLASS = YES_ERROR;
				CLANG_WARN_UNREACHABLE_CODE = YES;
				CLANG_WARN__DUPLICATE_METHOD_MATCH = YES;
				"CODE_SIGN_IDENTITY[sdk=iphoneos*]" = "iPhone Developer";
				COPY_PHASE_STRIP = NO;
				ENABLE_STRICT_OBJC_MSGSEND = YES;
				GCC_C_LANGUAGE_STANDARD = gnu99;
				GCC_DYNAMIC_NO_PIC = NO;
				GCC_OPTIMIZATION_LEVEL = 0;
				GCC_PREPROCESSOR_DEFINITIONS = (
					"DEBUG=1",
					"$(inherited)",
				);
				GCC_SYMBOLS_PRIVATE_EXTERN = NO;
				GCC_WARN_64_TO_32_BIT_CONVERSION = YES;
				GCC_WARN_ABOUT_RETURN_TYPE = YES_ERROR;
				GCC_WARN_UNDECLARED_SELECTOR = YES;
				GCC_WARN_UNINITIALIZED_AUTOS = YES_AGGRESSIVE;
				GCC_WARN_UNUSED_FUNCTION = YES;
				GCC_WARN_UNUSED_VARIABLE = YES;
				IPHONEOS_DEPLOYMENT_TARGET = 8.2;
				MTL_ENABLE_DEBUG_INFO = YES;
				ONLY_ACTIVE_ARCH = YES;
				SDKROOT = iphoneos;
			};
			name = Debug;
		};
		8A9F53AA1AB31AEF008ECE13 /* Release */ = {
			isa = XCBuildConfiguration;
			buildSettings = {
				ALWAYS_SEARCH_USER_PATHS = NO;
				CLANG_CXX_LANGUAGE_STANDARD = "gnu++0x";
				CLANG_CXX_LIBRARY = "libc++";
				CLANG_ENABLE_MODULES = YES;
				CLANG_ENABLE_OBJC_ARC = YES;
				CLANG_WARN_BOOL_CONVERSION = YES;
				CLANG_WARN_CONSTANT_CONVERSION = YES;
				CLANG_WARN_DIRECT_OBJC_ISA_USAGE = YES_ERROR;
				CLANG_WARN_EMPTY_BODY = YES;
				CLANG_WARN_ENUM_CONVERSION = YES;
				CLANG_WARN_INT_CONVERSION = YES;
				CLANG_WARN_OBJC_ROOT_CLASS = YES_ERROR;
				CLANG_WARN_UNREACHABLE_CODE = YES;
				CLANG_WARN__DUPLICATE_METHOD_MATCH = YES;
				"CODE_SIGN_IDENTITY[sdk=iphoneos*]" = "iPhone Developer";
				COPY_PHASE_STRIP = NO;
				ENABLE_NS_ASSERTIONS = NO;
				ENABLE_STRICT_OBJC_MSGSEND = YES;
				GCC_C_LANGUAGE_STANDARD = gnu99;
				GCC_WARN_64_TO_32_BIT_CONVERSION = YES;
				GCC_WARN_ABOUT_RETURN_TYPE = YES_ERROR;
				GCC_WARN_UNDECLARED_SELECTOR = YES;
				GCC_WARN_UNINITIALIZED_AUTOS = YES_AGGRESSIVE;
				GCC_WARN_UNUSED_FUNCTION = YES;
				GCC_WARN_UNUSED_VARIABLE = YES;
				IPHONEOS_DEPLOYMENT_TARGET = 8.2;
				MTL_ENABLE_DEBUG_INFO = NO;
				SDKROOT = iphoneos;
				VALIDATE_PRODUCT = YES;
			};
			name = Release;
		};
		8A9F53AC1AB31AEF008ECE13 /* Debug */ = {
			isa = XCBuildConfiguration;
			buildSettings = {
				ASSETCATALOG_COMPILER_APPICON_NAME = AppIcon;
				INFOPLIST_FILE = PeripheralLoggerDemo/Info.plist;
				LD_RUNPATH_SEARCH_PATHS = "$(inherited) @executable_path/Frameworks";
				PRODUCT_NAME = "$(TARGET_NAME)";
			};
			name = Debug;
		};
		8A9F53AD1AB31AEF008ECE13 /* Release */ = {
			isa = XCBuildConfiguration;
			buildSettings = {
				ASSETCATALOG_COMPILER_APPICON_NAME = AppIcon;
				INFOPLIST_FILE = PeripheralLoggerDemo/Info.plist;
				LD_RUNPATH_SEARCH_PATHS = "$(inherited) @executable_path/Frameworks";
				PRODUCT_NAME = "$(TARGET_NAME)";
			};
			name = Release;
		};
		8A9F53AF1AB31AEF008ECE13 /* Debug */ = {
			isa = XCBuildConfiguration;
			buildSettings = {
				BUNDLE_LOADER = "$(TEST_HOST)";
				FRAMEWORK_SEARCH_PATHS = (
					"$(SDKROOT)/Developer/Library/Frameworks",
					"$(inherited)",
				);
				GCC_PREPROCESSOR_DEFINITIONS = (
					"DEBUG=1",
					"$(inherited)",
				);
				INFOPLIST_FILE = PeripheralLoggerDemoTests/Info.plist;
				LD_RUNPATH_SEARCH_PATHS = "$(inherited) @executable_path/Frameworks @loader_path/Frameworks";
				PRODUCT_NAME = "$(TARGET_NAME)";
				TEST_HOST = "$(BUILT_PRODUCTS_DIR)/PeripheralLoggerDemo.app/PeripheralLoggerDemo";
			};
			name = Debug;
		};
		8A9F53B01AB31AEF008ECE13 /* Release */ = {
			isa = XCBuildConfiguration;
			buildSettings = {
				BUNDLE_LOADER = "$(TEST_HOST)";
				FRAMEWORK_SEARCH_PATHS = (
					"$(SDKROOT)/Developer/Library/Frameworks",
					"$(inherited)",
				);
				INFOPLIST_FILE = PeripheralLoggerDemoTests/Info.plist;
				LD_RUNPATH_SEARCH_PATHS = "$(inherited) @executable_path/Frameworks @loader_path/Frameworks";
				PRODUCT_NAME = "$(TARGET_NAME)";
				TEST_HOST = "$(BUILT_PRODUCTS_DIR)/PeripheralLoggerDemo.app/PeripheralLoggerDemo";
			};
			name = Release;
		};
/* End XCBuildConfiguration section */

/* Begin XCConfigurationList section */
		8A9F53831AB31AEF008ECE13 /* Build configuration list for PBXProject "PeripheralLoggerDemo" */ = {
			isa = XCConfigurationList;
			buildConfigurations = (
				8A9F53A91AB31AEF008ECE13 /* Debug */,
				8A9F53AA1AB31AEF008ECE13 /* Release */,
			);
			defaultConfigurationIsVisible = 0;
			defaultConfigurationName = Release;
		};
		8A9F53AB1AB31AEF008ECE13 /* Build configuration list for PBXNativeTarget "PeripheralLoggerDemo" */ = {
			isa = XCConfigurationList;
			buildConfigurations = (
				8A9F53AC1AB31AEF008ECE13 /* Debug */,
				8A9F53AD1AB31AEF008ECE13 /* Release */,
			);
			defaultConfigurationIsVisible = 0;
		};
		8A9F53AE1AB31AEF008ECE13 /* Build configuration list for PBXNativeTarget "PeripheralLoggerDemoTests" */ = {
			isa = XCConfigurationList;
			buildConfigurations = (
				8A9F53AF1AB31AEF008ECE13 /* Debug */,
				8A9F53B01AB31AEF008ECE13 /* Release */,
			);
			defaultConfigurationIsVisible = 0;
		};
/* End XCConfigurationList section */
	};
	rootObject = 8A9F53801AB31AEF008ECE13 /* Project object */;
}
